
Microsoft Visual Studio Solution File, Format Version 12.00
# Visual Studio Version 16
VisualStudioVersion = 16.0.31911.196
MinimumVisualStudioVersion = 10.0.40219.1
Project("{9A19103F-16F7-4668-BE54-9A1E7A4F7556}") = "SalaryEmplV2", "SalaryEmplV2\SalaryEmplV2.csproj", "{9437D4AC-8765-4AEC-874C-B773A4D39071}"
EndProject
Global
	GlobalSection(SolutionConfigurationPlatforms) = preSolution
		Debug|Any CPU = Debug|Any CPU
		Release|Any CPU = Release|Any CPU
	EndGlobalSection
	GlobalSection(ProjectConfigurationPlatforms) = postSolution
		{9437D4AC-8765-4AEC-874C-B773A4D39071}.Debug|Any CPU.ActiveCfg = Debug|Any CPU
		{9437D4AC-8765-4AEC-874C-B773A4D39071}.Debug|Any CPU.Build.0 = Debug|Any CPU
		{9437D4AC-8765-4AEC-874C-B773A4D39071}.Release|Any CPU.ActiveCfg = Release|Any CPU
		{9437D4AC-8765-4AEC-874C-B773A4D39071}.Release|Any CPU.Build.0 = Release|Any CPU
	EndGlobalSection
	GlobalSection(SolutionProperties) = preSolution
		HideSolutionNode = FALSE
	EndGlobalSection
	GlobalSection(ExtensibilityGlobals) = postSolution
		SolutionGuid = {189E861A-7B33-4E08-9AAB-7259B7ADDB6D}
	EndGlobalSection
EndGlobal
